
Microsoft Visual Studio Solution File, Format Version 12.00
# Visual Studio Version 17
VisualStudioVersion = 17.13.35828.75
MinimumVisualStudioVersion = 10.0.40219.1
Project("{2150E333-8FDC-42A3-9474-1A3956D46DE8}") = "FrontEnd", "FrontEnd", "{02EA681E-C7D8-13C7-8484-4AC65E1B71E8}"
EndProject
Project("{2150E333-8FDC-42A3-9474-1A3956D46DE8}") = "Gateway", "Gateway", "{560EC3E7-A916-48B5-B6A0-C46BF00ADE73}"
EndProject
Project("{2150E333-8FDC-42A3-9474-1A3956D46DE8}") = "Integration", "Integration", "{369CB01D-A1A7-72D2-AABC-3F0945D148A2}"
EndProject
Project("{2150E333-8FDC-42A3-9474-1A3956D46DE8}") = "Services", "Services", "{A5487080-EC53-4B8B-942D-DBAE99E4A482}"
EndProject
Project("{FAE04EC0-301F-11D3-BF4B-00C04F79EFBC}") = "KotaAndShisanyamaHub.Services.CouponAPI", "KotaAndShisanyamaHub.Services.CouponAPI\KotaAndShisanyamaHub.Services.CouponAPI.csproj", "{5E281FAF-2CE7-4DB0-BD69-9F3DA702945F}"
EndProject
Project("{FAE04EC0-301F-11D3-BF4B-00C04F79EFBC}") = "KotaAndShisanyamaHub.Web", "KotaAndShisanyamaHub.Web\KotaAndShisanyamaHub.Web.csproj", "{2EAC8323-5956-4DA5-9D00-2CC7E887CD1A}"
EndProject
Global
	GlobalSection(SolutionConfigurationPlatforms) = preSolution
		Debug|Any CPU = Debug|Any CPU
		Release|Any CPU = Release|Any CPU
	EndGlobalSection
	GlobalSection(ProjectConfigurationPlatforms) = postSolution
		{5E281FAF-2CE7-4DB0-BD69-9F3DA702945F}.Debug|Any CPU.ActiveCfg = Debug|Any CPU
		{5E281FAF-2CE7-4DB0-BD69-9F3DA702945F}.Debug|Any CPU.Build.0 = Debug|Any CPU
		{5E281FAF-2CE7-4DB0-BD69-9F3DA702945F}.Release|Any CPU.ActiveCfg = Release|Any CPU
		{5E281FAF-2CE7-4DB0-BD69-9F3DA702945F}.Release|Any CPU.Build.0 = Release|Any CPU
		{2EAC8323-5956-4DA5-9D00-2CC7E887CD1A}.Debug|Any CPU.ActiveCfg = Debug|Any CPU
		{2EAC8323-5956-4DA5-9D00-2CC7E887CD1A}.Debug|Any CPU.Build.0 = Debug|Any CPU
		{2EAC8323-5956-4DA5-9D00-2CC7E887CD1A}.Release|Any CPU.ActiveCfg = Release|Any CPU
		{2EAC8323-5956-4DA5-9D00-2CC7E887CD1A}.Release|Any CPU.Build.0 = Release|Any CPU
	EndGlobalSection
	GlobalSection(SolutionProperties) = preSolution
		HideSolutionNode = FALSE
	EndGlobalSection
	GlobalSection(NestedProjects) = preSolution
		{5E281FAF-2CE7-4DB0-BD69-9F3DA702945F} = {A5487080-EC53-4B8B-942D-DBAE99E4A482}
		{2EAC8323-5956-4DA5-9D00-2CC7E887CD1A} = {02EA681E-C7D8-13C7-8484-4AC65E1B71E8}
	EndGlobalSection
	GlobalSection(ExtensibilityGlobals) = postSolution
		SolutionGuid = {5AB61AC9-E650-4B04-A7BE-12FD9A9E6260}
	EndGlobalSection
EndGlobal
